
Microsoft Visual Studio Solution File, Format Version 12.00
# Visual Studio 2012
Project("{FAE04EC0-301F-11D3-BF4B-00C04F79EFBC}") = "XamarinDemo", "XamarinDemo\XamarinDemo.csproj", "{5587F140-3C0E-4CC3-967C-141333BA3A2B}"
EndProject
Project("{FAE04EC0-301F-11D3-BF4B-00C04F79EFBC}") = "XamarinDemo.iOS", "iOS\XamarinDemo.iOS.csproj", "{2AC1C34E-6B16-4D20-8008-B2179A50C8D8}"
EndProject
Project("{FAE04EC0-301F-11D3-BF4B-00C04F79EFBC}") = "XamarinDemo.Droid", "Droid\XamarinDemo.Droid.csproj", "{AFAA05EB-593B-4274-A65D-DE76930ACE83}"
EndProject
Project("{FAE04EC0-301F-11D3-BF4B-00C04F79EFBC}") = "XamarinDemo.UITests", "UITests\XamarinDemo.UITests.csproj", "{07AFBE21-9EC5-4179-AC17-A6137F379343}"
EndProject
Global
	GlobalSection(SolutionConfigurationPlatforms) = preSolution
		Debug|Any CPU = Debug|Any CPU
		Release|Any CPU = Release|Any CPU
		Debug|iPhoneSimulator = Debug|iPhoneSimulator
		Release|iPhone = Release|iPhone
		Release|iPhoneSimulator = Release|iPhoneSimulator
		Debug|iPhone = Debug|iPhone
	EndGlobalSection
	GlobalSection(ProjectConfigurationPlatforms) = postSolution
		{07AFBE21-9EC5-4179-AC17-A6137F379343}.Debug|Any CPU.ActiveCfg = Debug|Any CPU
		{07AFBE21-9EC5-4179-AC17-A6137F379343}.Debug|Any CPU.Build.0 = Debug|Any CPU
		{07AFBE21-9EC5-4179-AC17-A6137F379343}.Debug|iPhone.ActiveCfg = Debug|Any CPU
		{07AFBE21-9EC5-4179-AC17-A6137F379343}.Debug|iPhone.Build.0 = Debug|Any CPU
		{07AFBE21-9EC5-4179-AC17-A6137F379343}.Debug|iPhoneSimulator.ActiveCfg = Debug|Any CPU
		{07AFBE21-9EC5-4179-AC17-A6137F379343}.Debug|iPhoneSimulator.Build.0 = Debug|Any CPU
		{07AFBE21-9EC5-4179-AC17-A6137F379343}.Release|Any CPU.ActiveCfg = Release|Any CPU
		{07AFBE21-9EC5-4179-AC17-A6137F379343}.Release|Any CPU.Build.0 = Release|Any CPU
		{07AFBE21-9EC5-4179-AC17-A6137F379343}.Release|iPhone.ActiveCfg = Release|Any CPU
		{07AFBE21-9EC5-4179-AC17-A6137F379343}.Release|iPhone.Build.0 = Release|Any CPU
		{07AFBE21-9EC5-4179-AC17-A6137F379343}.Release|iPhoneSimulator.ActiveCfg = Release|Any CPU
		{07AFBE21-9EC5-4179-AC17-A6137F379343}.Release|iPhoneSimulator.Build.0 = Release|Any CPU
		{2AC1C34E-6B16-4D20-8008-B2179A50C8D8}.Debug|Any CPU.ActiveCfg = Debug|iPhoneSimulator
		{2AC1C34E-6B16-4D20-8008-B2179A50C8D8}.Debug|Any CPU.Build.0 = Debug|iPhoneSimulator
		{2AC1C34E-6B16-4D20-8008-B2179A50C8D8}.Debug|iPhone.ActiveCfg = Debug|iPhone
		{2AC1C34E-6B16-4D20-8008-B2179A50C8D8}.Debug|iPhone.Build.0 = Debug|iPhone
		{2AC1C34E-6B16-4D20-8008-B2179A50C8D8}.Debug|iPhoneSimulator.ActiveCfg = Debug|iPhoneSimulator
		{2AC1C34E-6B16-4D20-8008-B2179A50C8D8}.Debug|iPhoneSimulator.Build.0 = Debug|iPhoneSimulator
		{2AC1C34E-6B16-4D20-8008-B2179A50C8D8}.Release|Any CPU.ActiveCfg = Release|iPhone
		{2AC1C34E-6B16-4D20-8008-B2179A50C8D8}.Release|Any CPU.Build.0 = Release|iPhone
		{2AC1C34E-6B16-4D20-8008-B2179A50C8D8}.Release|iPhone.ActiveCfg = Release|iPhone
		{2AC1C34E-6B16-4D20-8008-B2179A50C8D8}.Release|iPhone.Build.0 = Release|iPhone
		{2AC1C34E-6B16-4D20-8008-B2179A50C8D8}.Release|iPhoneSimulator.ActiveCfg = Release|iPhoneSimulator
		{2AC1C34E-6B16-4D20-8008-B2179A50C8D8}.Release|iPhoneSimulator.Build.0 = Release|iPhoneSimulator
		{5587F140-3C0E-4CC3-967C-141333BA3A2B}.Debug|Any CPU.ActiveCfg = Debug|Any CPU
		{5587F140-3C0E-4CC3-967C-141333BA3A2B}.Debug|Any CPU.Build.0 = Debug|Any CPU
		{5587F140-3C0E-4CC3-967C-141333BA3A2B}.Debug|iPhone.ActiveCfg = Debug|Any CPU
		{5587F140-3C0E-4CC3-967C-141333BA3A2B}.Debug|iPhone.Build.0 = Debug|Any CPU
		{5587F140-3C0E-4CC3-967C-141333BA3A2B}.Debug|iPhoneSimulator.ActiveCfg = Debug|Any CPU
		{5587F140-3C0E-4CC3-967C-141333BA3A2B}.Debug|iPhoneSimulator.Build.0 = Debug|Any CPU
		{5587F140-3C0E-4CC3-967C-141333BA3A2B}.Release|Any CPU.ActiveCfg = Release|Any CPU
		{5587F140-3C0E-4CC3-967C-141333BA3A2B}.Release|Any CPU.Build.0 = Release|Any CPU
		{5587F140-3C0E-4CC3-967C-141333BA3A2B}.Release|iPhone.ActiveCfg = Release|Any CPU
		{5587F140-3C0E-4CC3-967C-141333BA3A2B}.Release|iPhone.Build.0 = Release|Any CPU
		{5587F140-3C0E-4CC3-967C-141333BA3A2B}.Release|iPhoneSimulator.ActiveCfg = Release|Any CPU
		{5587F140-3C0E-4CC3-967C-141333BA3A2B}.Release|iPhoneSimulator.Build.0 = Release|Any CPU
		{AFAA05EB-593B-4274-A65D-DE76930ACE83}.Debug|Any CPU.ActiveCfg = Debug|Any CPU
		{AFAA05EB-593B-4274-A65D-DE76930ACE83}.Debug|Any CPU.Build.0 = Debug|Any CPU
		{AFAA05EB-593B-4274-A65D-DE76930ACE83}.Debug|iPhone.ActiveCfg = Debug|Any CPU
		{AFAA05EB-593B-4274-A65D-DE76930ACE83}.Debug|iPhone.Build.0 = Debug|Any CPU
		{AFAA05EB-593B-4274-A65D-DE76930ACE83}.Debug|iPhoneSimulator.ActiveCfg = Debug|Any CPU
		{AFAA05EB-593B-4274-A65D-DE76930ACE83}.Debug|iPhoneSimulator.Build.0 = Debug|Any CPU
		{AFAA05EB-593B-4274-A65D-DE76930ACE83}.Release|Any CPU.ActiveCfg = Release|Any CPU
		{AFAA05EB-593B-4274-A65D-DE76930ACE83}.Release|Any CPU.Build.0 = Release|Any CPU
		{AFAA05EB-593B-4274-A65D-DE76930ACE83}.Release|iPhone.ActiveCfg = Release|Any CPU
		{AFAA05EB-593B-4274-A65D-DE76930ACE83}.Release|iPhone.Build.0 = Release|Any CPU
		{AFAA05EB-593B-4274-A65D-DE76930ACE83}.Release|iPhoneSimulator.ActiveCfg = Release|Any CPU
		{AFAA05EB-593B-4274-A65D-DE76930ACE83}.Release|iPhoneSimulator.Build.0 = Release|Any CPU
	EndGlobalSection
EndGlobal
